version = 1
requires-python = ">=3.11"
resolution-markers = [
    "python_full_version >= '3.12' and sys_platform == 'darwin'",
    "python_full_version >= '3.12' and platform_machine == 'aarch64' and sys_platform == 'linux'",
    "(python_full_version >= '3.12' and platform_machine != 'aarch64' and sys_platform == 'linux') or (python_full_version >= '3.12' and sys_platform != 'darwin' and sys_platform != 'linux')",
    "python_full_version < '3.12' and sys_platform == 'darwin'",
    "python_full_version < '3.12' and platform_machine == 'aarch64' and sys_platform == 'linux'",
    "(python_full_version < '3.12' and platform_machine != 'aarch64' and sys_platform == 'linux') or (python_full_version < '3.12' and sys_platform != 'darwin' and sys_platform != 'linux')",
]

[[package]]
name = "numpy"
version = "2.2.5"
source = { registry = "https://pypi.org/simple" }
sdist = { url = "https://files.pythonhosted.org/packages/dc/b2/ce4b867d8cd9c0ee84938ae1e6a6f7926ebf928c9090d036fc3c6a04f946/numpy-2.2.5.tar.gz", hash = "sha256:a9c0d994680cd991b1cb772e8b297340085466a6fe964bc9d4e80f5e2f43c291", size = 20273920 }
wheels = [
    { url = "https://files.pythonhosted.org/packages/f5/fb/e4e4c254ba40e8f0c78218f9e86304628c75b6900509b601c8433bdb5da7/numpy-2.2.5-cp311-cp311-macosx_10_9_x86_64.whl", hash = "sha256:c42365005c7a6c42436a54d28c43fe0e01ca11eb2ac3cefe796c25a5f98e5e9b", size = 21256475 },
    { url = "https://files.pythonhosted.org/packages/81/32/dd1f7084f5c10b2caad778258fdaeedd7fbd8afcd2510672811e6138dfac/numpy-2.2.5-cp311-cp311-macosx_11_0_arm64.whl", hash = "sha256:498815b96f67dc347e03b719ef49c772589fb74b8ee9ea2c37feae915ad6ebda", size = 14461474 },
    { url = "https://files.pythonhosted.org/packages/0e/65/937cdf238ef6ac54ff749c0f66d9ee2b03646034c205cea9b6c51f2f3ad1/numpy-2.2.5-cp311-cp311-macosx_14_0_arm64.whl", hash = "sha256:6411f744f7f20081b1b4e7112e0f4c9c5b08f94b9f086e6f0adf3645f85d3a4d", size = 5426875 },
    { url = "https://files.pythonhosted.org/packages/25/17/814515fdd545b07306eaee552b65c765035ea302d17de1b9cb50852d2452/numpy-2.2.5-cp311-cp311-macosx_14_0_x86_64.whl", hash = "sha256:9de6832228f617c9ef45d948ec1cd8949c482238d68b2477e6f642c33a7b0a54", size = 6969176 },
    { url = "https://files.pythonhosted.org/packages/e5/32/a66db7a5c8b5301ec329ab36d0ecca23f5e18907f43dbd593c8ec326d57c/numpy-2.2.5-cp311-cp311-manylinux_2_17_aarch64.manylinux2014_aarch64.whl", hash = "sha256:369e0d4647c17c9363244f3468f2227d557a74b6781cb62ce57cf3ef5cc7c610", size = 14374850 },
    { url = "https://files.pythonhosted.org/packages/ad/c9/1bf6ada582eebcbe8978f5feb26584cd2b39f94ededeea034ca8f84af8c8/numpy-2.2.5-cp311-cp311-manylinux_2_17_x86_64.manylinux2014_x86_64.whl", hash = "sha256:262d23f383170f99cd9191a7c85b9a50970fe9069b2f8ab5d786eca8a675d60b", size = 16430306 },
    { url = "https://files.pythonhosted.org/packages/6a/f0/3f741863f29e128f4fcfdb99253cc971406b402b4584663710ee07f5f7eb/numpy-2.2.5-cp311-cp311-musllinux_1_2_aarch64.whl", hash = "sha256:aa70fdbdc3b169d69e8c59e65c07a1c9351ceb438e627f0fdcd471015cd956be", size = 15884767 },
    { url = "https://files.pythonhosted.org/packages/98/d9/4ccd8fd6410f7bf2d312cbc98892e0e43c2fcdd1deae293aeb0a93b18071/numpy-2.2.5-cp311-cp311-musllinux_1_2_x86_64.whl", hash = "sha256:37e32e985f03c06206582a7323ef926b4e78bdaa6915095ef08070471865b906", size = 18219515 },
    { url = "https://files.pythonhosted.org/packages/b1/56/783237243d4395c6dd741cf16eeb1a9035ee3d4310900e6b17e875d1b201/numpy-2.2.5-cp311-cp311-win32.whl", hash = "sha256:f5045039100ed58fa817a6227a356240ea1b9a1bc141018864c306c1a16d4175", size = 6607842 },
    { url = "https://files.pythonhosted.org/packages/98/89/0c93baaf0094bdaaaa0536fe61a27b1dce8a505fa262a865ec142208cfe9/numpy-2.2.5-cp311-cp311-win_amd64.whl", hash = "sha256:b13f04968b46ad705f7c8a80122a42ae8f620536ea38cf4bdd374302926424dd", size = 12949071 },
    { url = "https://files.pythonhosted.org/packages/e2/f7/1fd4ff108cd9d7ef929b8882692e23665dc9c23feecafbb9c6b80f4ec583/numpy-2.2.5-cp312-cp312-macosx_10_13_x86_64.whl", hash = "sha256:ee461a4eaab4f165b68780a6a1af95fb23a29932be7569b9fab666c407969051", size = 20948633 },
    { url = "https://files.pythonhosted.org/packages/12/03/d443c278348371b20d830af155ff2079acad6a9e60279fac2b41dbbb73d8/numpy-2.2.5-cp312-cp312-macosx_11_0_arm64.whl", hash = "sha256:ec31367fd6a255dc8de4772bd1658c3e926d8e860a0b6e922b615e532d320ddc", size = 14176123 },
    { url = "https://files.pythonhosted.org/packages/2b/0b/5ca264641d0e7b14393313304da48b225d15d471250376f3fbdb1a2be603/numpy-2.2.5-cp312-cp312-macosx_14_0_arm64.whl", hash = "sha256:47834cde750d3c9f4e52c6ca28a7361859fcaf52695c7dc3cc1a720b8922683e", size = 5163817 },
    { url = "https://files.pythonhosted.org/packages/04/b3/d522672b9e3d28e26e1613de7675b441bbd1eaca75db95680635dd158c67/numpy-2.2.5-cp312-cp312-macosx_14_0_x86_64.whl", hash = "sha256:2c1a1c6ccce4022383583a6ded7bbcda22fc635eb4eb1e0a053336425ed36dfa", size = 6698066 },
    { url = "https://files.pythonhosted.org/packages/a0/93/0f7a75c1ff02d4b76df35079676b3b2719fcdfb39abdf44c8b33f43ef37d/numpy-2.2.5-cp312-cp312-manylinux_2_17_aarch64.manylinux2014_aarch64.whl", hash = "sha256:9d75f338f5f79ee23548b03d801d28a505198297534f62416391857ea0479571", size = 14087277 },
    { url = "https://files.pythonhosted.org/packages/b0/d9/7c338b923c53d431bc837b5b787052fef9ae68a56fe91e325aac0d48226e/numpy-2.2.5-cp312-cp312-manylinux_2_17_x86_64.manylinux2014_x86_64.whl", hash = "sha256:3a801fef99668f309b88640e28d261991bfad9617c27beda4a3aec4f217ea073", size = 16135742 },
    { url = "https://files.pythonhosted.org/packages/2d/10/4dec9184a5d74ba9867c6f7d1e9f2e0fb5fe96ff2bf50bb6f342d64f2003/numpy-2.2.5-cp312-cp312-musllinux_1_2_aarch64.whl", hash = "sha256:abe38cd8381245a7f49967a6010e77dbf3680bd3627c0fe4362dd693b404c7f8", size = 15581825 },
    { url = "https://files.pythonhosted.org/packages/80/1f/2b6fcd636e848053f5b57712a7d1880b1565eec35a637fdfd0a30d5e738d/numpy-2.2.5-cp312-cp312-musllinux_1_2_x86_64.whl", hash = "sha256:5a0ac90e46fdb5649ab6369d1ab6104bfe5854ab19b645bf5cda0127a13034ae", size = 17899600 },
    { url = "https://files.pythonhosted.org/packages/ec/87/36801f4dc2623d76a0a3835975524a84bd2b18fe0f8835d45c8eae2f9ff2/numpy-2.2.5-cp312-cp312-win32.whl", hash = "sha256:0cd48122a6b7eab8f06404805b1bd5856200e3ed6f8a1b9a194f9d9054631beb", size = 6312626 },
    { url = "https://files.pythonhosted.org/packages/8b/09/4ffb4d6cfe7ca6707336187951992bd8a8b9142cf345d87ab858d2d7636a/numpy-2.2.5-cp312-cp312-win_amd64.whl", hash = "sha256:ced69262a8278547e63409b2653b372bf4baff0870c57efa76c5703fd6543282", size = 12645715 },
    { url = "https://files.pythonhosted.org/packages/e2/a0/0aa7f0f4509a2e07bd7a509042967c2fab635690d4f48c6c7b3afd4f448c/numpy-2.2.5-cp313-cp313-macosx_10_13_x86_64.whl", hash = "sha256:059b51b658f4414fff78c6d7b1b4e18283ab5fa56d270ff212d5ba0c561846f4", size = 20935102 },
    { url = "https://files.pythonhosted.org/packages/7e/e4/a6a9f4537542912ec513185396fce52cdd45bdcf3e9d921ab02a93ca5aa9/numpy-2.2.5-cp313-cp313-macosx_11_0_arm64.whl", hash = "sha256:47f9ed103af0bc63182609044b0490747e03bd20a67e391192dde119bf43d52f", size = 14191709 },
    { url = "https://files.pythonhosted.org/packages/be/65/72f3186b6050bbfe9c43cb81f9df59ae63603491d36179cf7a7c8d216758/numpy-2.2.5-cp313-cp313-macosx_14_0_arm64.whl", hash = "sha256:261a1ef047751bb02f29dfe337230b5882b54521ca121fc7f62668133cb119c9", size = 5149173 },
    { url = "https://files.pythonhosted.org/packages/e5/e9/83e7a9432378dde5802651307ae5e9ea07bb72b416728202218cd4da2801/numpy-2.2.5-cp313-cp313-macosx_14_0_x86_64.whl", hash = "sha256:4520caa3807c1ceb005d125a75e715567806fed67e315cea619d5ec6e75a4191", size = 6684502 },
    { url = "https://files.pythonhosted.org/packages/ea/27/b80da6c762394c8ee516b74c1f686fcd16c8f23b14de57ba0cad7349d1d2/numpy-2.2.5-cp313-cp313-manylinux_2_17_aarch64.manylinux2014_aarch64.whl", hash = "sha256:3d14b17b9be5f9c9301f43d2e2a4886a33b53f4e6fdf9ca2f4cc60aeeee76372", size = 14084417 },
    { url = "https://files.pythonhosted.org/packages/aa/fc/ebfd32c3e124e6a1043e19c0ab0769818aa69050ce5589b63d05ff185526/numpy-2.2.5-cp313-cp313-manylinux_2_17_x86_64.manylinux2014_x86_64.whl", hash = "sha256:2ba321813a00e508d5421104464510cc962a6f791aa2fca1c97b1e65027da80d", size = 16133807 },
    { url = "https://files.pythonhosted.org/packages/bf/9b/4cc171a0acbe4666f7775cfd21d4eb6bb1d36d3a0431f48a73e9212d2278/numpy-2.2.5-cp313-cp313-musllinux_1_2_aarch64.whl", hash = "sha256:a4cbdef3ddf777423060c6f81b5694bad2dc9675f110c4b2a60dc0181543fac7", size = 15575611 },
    { url = "https://files.pythonhosted.org/packages/a3/45/40f4135341850df48f8edcf949cf47b523c404b712774f8855a64c96ef29/numpy-2.2.5-cp313-cp313-musllinux_1_2_x86_64.whl", hash = "sha256:54088a5a147ab71a8e7fdfd8c3601972751ded0739c6b696ad9cb0343e21ab73", size = 17895747 },
    { url = "https://files.pythonhosted.org/packages/f8/4c/b32a17a46f0ffbde8cc82df6d3daeaf4f552e346df143e1b188a701a8f09/numpy-2.2.5-cp313-cp313-win32.whl", hash = "sha256:c8b82a55ef86a2d8e81b63da85e55f5537d2157165be1cb2ce7cfa57b6aef38b", size = 6309594 },
    { url = "https://files.pythonhosted.org/packages/13/ae/72e6276feb9ef06787365b05915bfdb057d01fceb4a43cb80978e518d79b/numpy-2.2.5-cp313-cp313-win_amd64.whl", hash = "sha256:d8882a829fd779f0f43998e931c466802a77ca1ee0fe25a3abe50278616b1471", size = 12638356 },
    { url = "https://files.pythonhosted.org/packages/79/56/be8b85a9f2adb688e7ded6324e20149a03541d2b3297c3ffc1a73f46dedb/numpy-2.2.5-cp313-cp313t-macosx_10_13_x86_64.whl", hash = "sha256:e8b025c351b9f0e8b5436cf28a07fa4ac0204d67b38f01433ac7f9b870fa38c6", size = 20963778 },
    { url = "https://files.pythonhosted.org/packages/ff/77/19c5e62d55bff507a18c3cdff82e94fe174957bad25860a991cac719d3ab/numpy-2.2.5-cp313-cp313t-macosx_11_0_arm64.whl", hash = "sha256:8dfa94b6a4374e7851bbb6f35e6ded2120b752b063e6acdd3157e4d2bb922eba", size = 14207279 },
    { url = "https://files.pythonhosted.org/packages/75/22/aa11f22dc11ff4ffe4e849d9b63bbe8d4ac6d5fae85ddaa67dfe43be3e76/numpy-2.2.5-cp313-cp313t-macosx_14_0_arm64.whl", hash = "sha256:97c8425d4e26437e65e1d189d22dff4a079b747ff9c2788057bfb8114ce1e133", size = 5199247 },
    { url = "https://files.pythonhosted.org/packages/4f/6c/12d5e760fc62c08eded0394f62039f5a9857f758312bf01632a81d841459/numpy-2.2.5-cp313-cp313t-macosx_14_0_x86_64.whl", hash = "sha256:352d330048c055ea6db701130abc48a21bec690a8d38f8284e00fab256dc1376", size = 6711087 },
    { url = "https://files.pythonhosted.org/packages/ef/94/ece8280cf4218b2bee5cec9567629e61e51b4be501e5c6840ceb593db945/numpy-2.2.5-cp313-cp313t-manylinux_2_17_aarch64.manylinux2014_aarch64.whl", hash = "sha256:8b4c0773b6ada798f51f0f8e30c054d32304ccc6e9c5d93d46cb26f3d385ab19", size = 14059964 },
    { url = "https://files.pythonhosted.org/packages/39/41/c5377dac0514aaeec69115830a39d905b1882819c8e65d97fc60e177e19e/numpy-2.2.5-cp313-cp313t-manylinux_2_17_x86_64.manylinux2014_x86_64.whl", hash = "sha256:55f09e00d4dccd76b179c0f18a44f041e5332fd0e022886ba1c0bbf3ea4a18d0", size = 16121214 },
    { url = "https://files.pythonhosted.org/packages/db/54/3b9f89a943257bc8e187145c6bc0eb8e3d615655f7b14e9b490b053e8149/numpy-2.2.5-cp313-cp313t-musllinux_1_2_aarch64.whl", hash = "sha256:02f226baeefa68f7d579e213d0f3493496397d8f1cff5e2b222af274c86a552a", size = 15575788 },
    { url = "https://files.pythonhosted.org/packages/b1/c4/2e407e85df35b29f79945751b8f8e671057a13a376497d7fb2151ba0d290/numpy-2.2.5-cp313-cp313t-musllinux_1_2_x86_64.whl", hash = "sha256:c26843fd58f65da9491165072da2cccc372530681de481ef670dcc8e27cfb066", size = 17893672 },
    { url = "https://files.pythonhosted.org/packages/29/7e/d0b44e129d038dba453f00d0e29ebd6eaf2f06055d72b95b9947998aca14/numpy-2.2.5-cp313-cp313t-win32.whl", hash = "sha256:1a161c2c79ab30fe4501d5a2bbfe8b162490757cf90b7f05be8b80bc02f7bb8e", size = 6377102 },
    { url = "https://files.pythonhosted.org/packages/63/be/b85e4aa4bf42c6502851b971f1c326d583fcc68227385f92089cf50a7b45/numpy-2.2.5-cp313-cp313t-win_amd64.whl", hash = "sha256:d403c84991b5ad291d3809bace5e85f4bbf44a04bdc9a88ed2bb1807b3360bb8", size = 12750096 },
]

[[package]]
name = "opencv-python"
version = "4.11.0.86"
source = { registry = "https://pypi.org/simple" }
dependencies = [
    { name = "numpy" },
]
sdist = { url = "https://files.pythonhosted.org/packages/17/06/68c27a523103dad5837dc5b87e71285280c4f098c60e4fe8a8db6486ab09/opencv-python-4.11.0.86.tar.gz", hash = "sha256:03d60ccae62304860d232272e4a4fda93c39d595780cb40b161b310244b736a4", size = 95171956 }
wheels = [
    { url = "https://files.pythonhosted.org/packages/05/4d/53b30a2a3ac1f75f65a59eb29cf2ee7207ce64867db47036ad61743d5a23/opencv_python-4.11.0.86-cp37-abi3-macosx_13_0_arm64.whl", hash = "sha256:432f67c223f1dc2824f5e73cdfcd9db0efc8710647d4e813012195dc9122a52a", size = 37326322 },
    { url = "https://files.pythonhosted.org/packages/3b/84/0a67490741867eacdfa37bc18df96e08a9d579583b419010d7f3da8ff503/opencv_python-4.11.0.86-cp37-abi3-macosx_13_0_x86_64.whl", hash = "sha256:9d05ef13d23fe97f575153558653e2d6e87103995d54e6a35db3f282fe1f9c66", size = 56723197 },
    { url = "https://files.pythonhosted.org/packages/f3/bd/29c126788da65c1fb2b5fb621b7fed0ed5f9122aa22a0868c5e2c15c6d23/opencv_python-4.11.0.86-cp37-abi3-manylinux_2_17_aarch64.manylinux2014_aarch64.whl", hash = "sha256:1b92ae2c8852208817e6776ba1ea0d6b1e0a1b5431e971a2a0ddd2a8cc398202", size = 42230439 },
    { url = "https://files.pythonhosted.org/packages/2c/8b/90eb44a40476fa0e71e05a0283947cfd74a5d36121a11d926ad6f3193cc4/opencv_python-4.11.0.86-cp37-abi3-manylinux_2_17_x86_64.manylinux2014_x86_64.whl", hash = "sha256:6b02611523803495003bd87362db3e1d2a0454a6a63025dc6658a9830570aa0d", size = 62986597 },
    { url = "https://files.pythonhosted.org/packages/fb/d7/1d5941a9dde095468b288d989ff6539dd69cd429dbf1b9e839013d21b6f0/opencv_python-4.11.0.86-cp37-abi3-win32.whl", hash = "sha256:810549cb2a4aedaa84ad9a1c92fbfdfc14090e2749cedf2c1589ad8359aa169b", size = 29384337 },
    { url = "https://files.pythonhosted.org/packages/a4/7d/f1c30a92854540bf789e9cd5dde7ef49bbe63f855b85a2e6b3db8135c591/opencv_python-4.11.0.86-cp37-abi3-win_amd64.whl", hash = "sha256:085ad9b77c18853ea66283e98affefe2de8cc4c1f43eda4c100cf9b2721142ec", size = 39488044 },
]

[[package]]
name = "pyqt6"
version = "6.9.0"
source = { registry = "https://pypi.org/simple" }
dependencies = [
    { name = "pyqt6-qt6" },
    { name = "pyqt6-sip" },
]
sdist = { url = "https://files.pythonhosted.org/packages/32/de/102e8e66149085acf38bbf01df572a2cd53259bcd99b7d8ecef0d6b36172/pyqt6-6.9.0.tar.gz", hash = "sha256:6a8ff8e3cd18311bb7d937f7d741e787040ae7ff47ce751c28a94c5cddc1b4e6", size = 1066831 }
wheels = [
    { url = "https://files.pythonhosted.org/packages/97/e5/f9e2b5326d6103bce4894a969be54ce3be4b0a7a6ff848228e6a61a9993f/PyQt6-6.9.0-cp39-abi3-macosx_10_14_universal2.whl", hash = "sha256:5344240747e81bde1a4e0e98d4e6e2d96ad56a985d8f36b69cd529c1ca9ff760", size = 12257215 },
    { url = "https://files.pythonhosted.org/packages/ed/3a/bcc7687c5a11079bbd1606a015514562f2ac8cb01c5e3e4a3b30fcbdad36/PyQt6-6.9.0-cp39-abi3-manylinux_2_28_x86_64.whl", hash = "sha256:e344868228c71fc89a0edeb325497df4ff731a89cfa5fe57a9a4e9baecc9512b", size = 8259731 },
    { url = "https://files.pythonhosted.org/packages/e1/47/13ab0b916b5bad07ab04767b412043f5c1ca206bf38a906b1d8d5c520a98/PyQt6-6.9.0-cp39-abi3-manylinux_2_39_aarch64.whl", hash = "sha256:1cbc5a282454cf19691be09eadbde019783f1ae0523e269b211b0173b67373f6", size = 8207593 },
    { url = "https://files.pythonhosted.org/packages/d1/a8/955cfd880f2725a218ee7b272c005658e857e9224823d49c32c93517f6d9/PyQt6-6.9.0-cp39-abi3-win_amd64.whl", hash = "sha256:d36482000f0cd7ce84a35863766f88a5e671233d5f1024656b600cd8915b3752", size = 6748279 },
    { url = "https://files.pythonhosted.org/packages/9f/38/586ce139b1673a27607f7b85c594878e1bba215abdca3de67732b463f7b2/PyQt6-6.9.0-cp39-abi3-win_arm64.whl", hash = "sha256:0c8b7251608e05b479cfe731f95857e853067459f7cbbcfe90f89de1bcf04280", size = 5478122 },
]

[[package]]
name = "pyqt6-qt6"
version = "6.9.0"
source = { registry = "https://pypi.org/simple" }
wheels = [
    { url = "https://files.pythonhosted.org/packages/e2/11/8c450442bf4702ed810689a045f9c5d9236d709163886f09374fd8d84143/PyQt6_Qt6-6.9.0-py3-none-macosx_10_14_x86_64.whl", hash = "sha256:b1c4e4a78f0f22fbf88556e3d07c99e5ce93032feae5c1e575958d914612e0f9", size = 66804297 },
    { url = "https://files.pythonhosted.org/packages/6e/be/191ba4402c24646f6b98c326ff0ee22e820096c69e67ba5860a687057616/PyQt6_Qt6-6.9.0-py3-none-macosx_11_0_arm64.whl", hash = "sha256:6d3875119dec6bf5f799facea362aa0ad39bb23aa9654112faa92477abccb5ff", size = 60943708 },
    { url = "https://files.pythonhosted.org/packages/0f/70/ec018b6e979b3914c984e5ab7e130918930d5423735ac96c70c328227b9b/PyQt6_Qt6-6.9.0-py3-none-manylinux_2_28_x86_64.whl", hash = "sha256:9c0e603c934e4f130c110190fbf2c482ff1221a58317266570678bc02db6b152", size = 81846956 },
    { url = "https://files.pythonhosted.org/packages/ac/ed/2d78cd08be415a21dac2e7277967b90b0c05afc4782100f0a037447bb1c6/PyQt6_Qt6-6.9.0-py3-none-manylinux_2_39_aarch64.whl", hash = "sha256:cf840e8ae20a0704e0343810cf0e485552db28bf09ea976e58ec0e9b7bb27fcd", size = 80295982 },
    { url = "https://files.pythonhosted.org/packages/6e/24/6b6168a75c7b6a55b9f6b5c897e6164ec15e94594af11a6f358c49845442/PyQt6_Qt6-6.9.0-py3-none-win_amd64.whl", hash = "sha256:c825a6f5a9875ef04ef6681eda16aa3a9e9ad71847aa78dfafcf388c8007aa0a", size = 73652485 },
    { url = "https://files.pythonhosted.org/packages/44/fd/1238931df039e46e128d53974c0cfc9d34da3d54c5662bd589fe7b0a67c2/PyQt6_Qt6-6.9.0-py3-none-win_arm64.whl", hash = "sha256:1188f118d1c570d27fba39707e3d8a48525f979816e73de0da55b9e6fa9ad0a1", size = 49568913 },
]

[[package]]
name = "pyqt6-sip"
version = "13.10.0"
source = { registry = "https://pypi.org/simple" }
sdist = { url = "https://files.pythonhosted.org/packages/90/18/0405c54acba0c8e276dd6f0601890e6e735198218d031a6646104870fe22/pyqt6_sip-13.10.0.tar.gz", hash = "sha256:d6daa95a0bd315d9ec523b549e0ce97455f61ded65d5eafecd83ed2aa4ae5350", size = 92464 }
wheels = [
    { url = "https://files.pythonhosted.org/packages/7a/c4/97446339ff086ad6530af0970b6905a6930d8868214c182a0ca0e0e9638e/PyQt6_sip-13.10.0-cp311-cp311-macosx_10_9_universal2.whl", hash = "sha256:6e78fb8036b18f6258a1af0956c5a3cec1dd3d8dd5196ecd89a31b529bf40e82", size = 110770 },
    { url = "https://files.pythonhosted.org/packages/2b/4b/d41d9d1a5496948426b1a30b778df1d87625245d4ba5b7aa55810f2899c5/PyQt6_sip-13.10.0-cp311-cp311-manylinux_2_17_aarch64.manylinux2014_aarch64.whl", hash = "sha256:e19d5887fa3003a635419644dfed3158cb15eb566fc27b1ed56913a5767a71dc", size = 316994 },
    { url = "https://files.pythonhosted.org/packages/ff/81/62e36cddb4641c7ce6e2779e0783635555a3ecfdb50f46f9200f61af24be/PyQt6_sip-13.10.0-cp311-cp311-manylinux_2_5_x86_64.manylinux1_x86_64.whl", hash = "sha256:079bb946edc3960f08d92b3a8eebff55d3abb51bc2a0583b6683dfd9f77a616a", size = 293804 },
    { url = "https://files.pythonhosted.org/packages/2f/4d/23e9e23a331d5a608217349c931b1d9b5cf9419640033e73ae9895e7f5bd/PyQt6_sip-13.10.0-cp311-cp311-win_amd64.whl", hash = "sha256:90974f5dbba1f5d1d2ca9b1cfdfd5258e5e3cfacead03f0df674d54c69973ea7", size = 53444 },
    { url = "https://files.pythonhosted.org/packages/2a/0c/2caff1607ddf7dcb8d53f1657160d3b334a8e9d9a9bf700e79971677ab89/PyQt6_sip-13.10.0-cp311-cp311-win_arm64.whl", hash = "sha256:bbefd5539eeda4dec37e8b6dfc362ba240ec31279060336bcceaff572807dac8", size = 45057 },
    { url = "https://files.pythonhosted.org/packages/69/81/66d9bdacb790592a0641378749a047f12e3b254cdc2cb51f7ed636cf01d2/PyQt6_sip-13.10.0-cp312-cp312-macosx_10_9_universal2.whl", hash = "sha256:48791db2914fc39c3218519a02d2a5fd3fcd354a1be3141a57bf2880701486f2", size = 112334 },
    { url = "https://files.pythonhosted.org/packages/26/2c/4796c209009a018e0d4a5c406d5a519234c5a378f370dc679d0ad5f455b2/PyQt6_sip-13.10.0-cp312-cp312-manylinux_2_17_aarch64.manylinux2014_aarch64.whl", hash = "sha256:466d6b4791973c9fcbdc2e0087ed194b9ea802a8c3948867a849498f0841c70c", size = 322334 },
    { url = "https://files.pythonhosted.org/packages/99/34/2ec54bd475f0a811df1d32be485f2344cf9e8b388ce7adb26b46ce5552d4/PyQt6_sip-13.10.0-cp312-cp312-manylinux_2_5_x86_64.manylinux1_x86_64.whl", hash = "sha256:ae15358941f127cd3d1ab09c1ebd45c4dabb0b2e91587b9eebde0279d0039c54", size = 303798 },
    { url = "https://files.pythonhosted.org/packages/0c/e4/82099bb4ab8bc152b5718541e93c0b3adf7566c0f307c9e58e2368b8c517/PyQt6_sip-13.10.0-cp312-cp312-win_amd64.whl", hash = "sha256:ad573184fa8b00041944e5a17d150ab0d08db2d2189e39c9373574ebab3f2e58", size = 53569 },
    { url = "https://files.pythonhosted.org/packages/e3/09/90e0378887a3cb9664da77061229cf8e97e6ec25a5611b7dbc9cc3e02c78/PyQt6_sip-13.10.0-cp312-cp312-win_arm64.whl", hash = "sha256:2d579d810d0047d40bde9c6aef281d6ed218db93c9496ebc9e55b9e6f27a229d", size = 45430 },
    { url = "https://files.pythonhosted.org/packages/6b/0c/8d1de48b45b565a46bf4757341f13f9b1853a7d2e6b023700f0af2c213ab/PyQt6_sip-13.10.0-cp313-cp313-macosx_10_13_universal2.whl", hash = "sha256:7b6e250c2e7c14702a623f2cc1479d7fb8db2b6eee9697cac10d06fe79c281bb", size = 112343 },
    { url = "https://files.pythonhosted.org/packages/af/13/e2cc2b667a9f5d44c2d0e18fa6e1066fca3f4521dcb301f4b5374caeb33e/PyQt6_sip-13.10.0-cp313-cp313-manylinux_2_17_aarch64.manylinux2014_aarch64.whl", hash = "sha256:0fcb30756568f8cd59290f9ef2ae5ee3e72ff9cdd61a6f80c9e3d3b95ae676be", size = 322527 },
    { url = "https://files.pythonhosted.org/packages/20/1a/5c6fcae85edb65cf236c9dc6d23b279b5316e94cdca1abdee6d0a217ddbb/PyQt6_sip-13.10.0-cp313-cp313-manylinux_2_5_x86_64.manylinux1_x86_64.whl", hash = "sha256:757ac52c92b2ef0b56ecc7cd763b55a62d3c14271d7ea8d03315af85a70090ff", size = 303407 },
    { url = "https://files.pythonhosted.org/packages/b9/db/6924ec985be7d746772806b96ab81d24263ef72f0249f0573a82adaed75e/PyQt6_sip-13.10.0-cp313-cp313-win_amd64.whl", hash = "sha256:571900c44a3e38738d696234d94fe2043972b9de0633505451c99e2922cb6a34", size = 53580 },
    { url = "https://files.pythonhosted.org/packages/77/c3/9e44729b582ee7f1d45160e8c292723156889f3e38ce6574f88d5ab8fa02/PyQt6_sip-13.10.0-cp313-cp313-win_arm64.whl", hash = "sha256:39cba2cc71cf80a99b4dc8147b43508d4716e128f9fb99f5eb5860a37f082282", size = 45446 },
]

[[package]]
name = "python-template"
version = "0.1.0"
source = { virtual = "." }
dependencies = [
    { name = "opencv-python" },
    { name = "pyqt6" },
    { name = "python-vlc" },
]

[package.metadata]
requires-dist = [
    { name = "opencv-python", specifier = ">=4.11.0.86" },
    { name = "pyqt6", specifier = ">=6.9.0" },
    { name = "python-vlc", specifier = ">=3.0.21203" },
]

[[package]]
name = "python-vlc"
version = "3.0.21203"
source = { registry = "https://pypi.org/simple" }
sdist = { url = "https://files.pythonhosted.org/packages/4b/5b/f9ce6f0c9877b6fe5eafbade55e0dcb6b2b30f1c2c95837aef40e390d63b/python_vlc-3.0.21203.tar.gz", hash = "sha256:52d0544b276b11e58b6c0b748c3e0518f94f74b1b4cd328c83a59eacabead1ec", size = 162211 }
wheels = [
    { url = "https://files.pythonhosted.org/packages/5b/ee/7d76eb3b50ccb1397621f32ede0fb4d17aa55a9aa2251bc34e6b9929fdce/python_vlc-3.0.21203-py3-none-any.whl", hash = "sha256:1613451a31b692ec276296ceeae0c0ba82bfc2d094dabf9aceb70f58944a6320", size = 87651 },
]
